
Microsoft Visual Studio Solution File, Format Version 12.00
# Visual Studio 15
VisualStudioVersion = 15.0.28307.421
MinimumVisualStudioVersion = 10.0.40219.1
Project("{8BC9CEB8-8B4A-11D0-8D11-00A0C91BC942}") = "Day_1", "Day_1\Day_1.vcxproj", "{7F1B2EC8-872C-42DA-A307-B4E5CA861104}"
EndProject
Project("{8BC9CEB8-8B4A-11D0-8D11-00A0C91BC942}") = "Day_2", "Day_2\Day_2.vcxproj", "{B0A347A4-00D1-466C-BAC8-D3999D97E517}"
EndProject
Project("{8BC9CEB8-8B4A-11D0-8D11-00A0C91BC942}") = "Day_3", "Day_3\Day_3.vcxproj", "{BD5F0D1D-D7A5-42C3-8544-D5486574C201}"
EndProject
Project("{8BC9CEB8-8B4A-11D0-8D11-00A0C91BC942}") = "Day_4", "Day_4\Day_4.vcxproj", "{04F7F473-9923-4857-97DD-42C8C779F770}"
EndProject
Project("{8BC9CEB8-8B4A-11D0-8D11-00A0C91BC942}") = "Day_5", "Day_5\Day_5.vcxproj", "{A5869C19-3ADB-453A-911D-782DB5633BBA}"
EndProject
Project("{8BC9CEB8-8B4A-11D0-8D11-00A0C91BC942}") = "Day_6", "Day_6\Day_6.vcxproj", "{39BAC686-F55E-4FF3-8751-E04E6E42C82B}"
EndProject
Global
	GlobalSection(SolutionConfigurationPlatforms) = preSolution
		Debug|x64 = Debug|x64
		Debug|x86 = Debug|x86
		Release|x64 = Release|x64
		Release|x86 = Release|x86
	EndGlobalSection
	GlobalSection(ProjectConfigurationPlatforms) = postSolution
		{7F1B2EC8-872C-42DA-A307-B4E5CA861104}.Debug|x64.ActiveCfg = Debug|x64
		{7F1B2EC8-872C-42DA-A307-B4E5CA861104}.Debug|x64.Build.0 = Debug|x64
		{7F1B2EC8-872C-42DA-A307-B4E5CA861104}.Debug|x86.ActiveCfg = Debug|Win32
		{7F1B2EC8-872C-42DA-A307-B4E5CA861104}.Debug|x86.Build.0 = Debug|Win32
		{7F1B2EC8-872C-42DA-A307-B4E5CA861104}.Release|x64.ActiveCfg = Release|x64
		{7F1B2EC8-872C-42DA-A307-B4E5CA861104}.Release|x64.Build.0 = Release|x64
		{7F1B2EC8-872C-42DA-A307-B4E5CA861104}.Release|x86.ActiveCfg = Release|Win32
		{7F1B2EC8-872C-42DA-A307-B4E5CA861104}.Release|x86.Build.0 = Release|Win32
		{B0A347A4-00D1-466C-BAC8-D3999D97E517}.Debug|x64.ActiveCfg = Debug|x64
		{B0A347A4-00D1-466C-BAC8-D3999D97E517}.Debug|x64.Build.0 = Debug|x64
		{B0A347A4-00D1-466C-BAC8-D3999D97E517}.Debug|x86.ActiveCfg = Debug|Win32
		{B0A347A4-00D1-466C-BAC8-D3999D97E517}.Debug|x86.Build.0 = Debug|Win32
		{B0A347A4-00D1-466C-BAC8-D3999D97E517}.Release|x64.ActiveCfg = Release|x64
		{B0A347A4-00D1-466C-BAC8-D3999D97E517}.Release|x64.Build.0 = Release|x64
		{B0A347A4-00D1-466C-BAC8-D3999D97E517}.Release|x86.ActiveCfg = Release|Win32
		{B0A347A4-00D1-466C-BAC8-D3999D97E517}.Release|x86.Build.0 = Release|Win32
		{BD5F0D1D-D7A5-42C3-8544-D5486574C201}.Debug|x64.ActiveCfg = Debug|x64
		{BD5F0D1D-D7A5-42C3-8544-D5486574C201}.Debug|x64.Build.0 = Debug|x64
		{BD5F0D1D-D7A5-42C3-8544-D5486574C201}.Debug|x86.ActiveCfg = Debug|Win32
		{BD5F0D1D-D7A5-42C3-8544-D5486574C201}.Debug|x86.Build.0 = Debug|Win32
		{BD5F0D1D-D7A5-42C3-8544-D5486574C201}.Release|x64.ActiveCfg = Release|x64
		{BD5F0D1D-D7A5-42C3-8544-D5486574C201}.Release|x64.Build.0 = Release|x64
		{BD5F0D1D-D7A5-42C3-8544-D5486574C201}.Release|x86.ActiveCfg = Release|Win32
		{BD5F0D1D-D7A5-42C3-8544-D5486574C201}.Release|x86.Build.0 = Release|Win32
		{04F7F473-9923-4857-97DD-42C8C779F770}.Debug|x64.ActiveCfg = Debug|x64
		{04F7F473-9923-4857-97DD-42C8C779F770}.Debug|x64.Build.0 = Debug|x64
		{04F7F473-9923-4857-97DD-42C8C779F770}.Debug|x86.ActiveCfg = Debug|Win32
		{04F7F473-9923-4857-97DD-42C8C779F770}.Debug|x86.Build.0 = Debug|Win32
		{04F7F473-9923-4857-97DD-42C8C779F770}.Release|x64.ActiveCfg = Release|x64
		{04F7F473-9923-4857-97DD-42C8C779F770}.Release|x64.Build.0 = Release|x64
		{04F7F473-9923-4857-97DD-42C8C779F770}.Release|x86.ActiveCfg = Release|Win32
		{04F7F473-9923-4857-97DD-42C8C779F770}.Release|x86.Build.0 = Release|Win32
		{A5869C19-3ADB-453A-911D-782DB5633BBA}.Debug|x64.ActiveCfg = Debug|x64
		{A5869C19-3ADB-453A-911D-782DB5633BBA}.Debug|x64.Build.0 = Debug|x64
		{A5869C19-3ADB-453A-911D-782DB5633BBA}.Debug|x86.ActiveCfg = Debug|Win32
		{A5869C19-3ADB-453A-911D-782DB5633BBA}.Debug|x86.Build.0 = Debug|Win32
		{A5869C19-3ADB-453A-911D-782DB5633BBA}.Release|x64.ActiveCfg = Release|x64
		{A5869C19-3ADB-453A-911D-782DB5633BBA}.Release|x64.Build.0 = Release|x64
		{A5869C19-3ADB-453A-911D-782DB5633BBA}.Release|x86.ActiveCfg = Release|Win32
		{A5869C19-3ADB-453A-911D-782DB5633BBA}.Release|x86.Build.0 = Release|Win32
		{39BAC686-F55E-4FF3-8751-E04E6E42C82B}.Debug|x64.ActiveCfg = Debug|x64
		{39BAC686-F55E-4FF3-8751-E04E6E42C82B}.Debug|x64.Build.0 = Debug|x64
		{39BAC686-F55E-4FF3-8751-E04E6E42C82B}.Debug|x86.ActiveCfg = Debug|Win32
		{39BAC686-F55E-4FF3-8751-E04E6E42C82B}.Debug|x86.Build.0 = Debug|Win32
		{39BAC686-F55E-4FF3-8751-E04E6E42C82B}.Release|x64.ActiveCfg = Release|x64
		{39BAC686-F55E-4FF3-8751-E04E6E42C82B}.Release|x64.Build.0 = Release|x64
		{39BAC686-F55E-4FF3-8751-E04E6E42C82B}.Release|x86.ActiveCfg = Release|Win32
		{39BAC686-F55E-4FF3-8751-E04E6E42C82B}.Release|x86.Build.0 = Release|Win32
	EndGlobalSection
	GlobalSection(SolutionProperties) = preSolution
		HideSolutionNode = FALSE
	EndGlobalSection
	GlobalSection(ExtensibilityGlobals) = postSolution
		SolutionGuid = {6F9FBCFC-D5D8-4486-B154-2DD27F80F7F1}
	EndGlobalSection
EndGlobal
