
Microsoft Visual Studio Solution File, Format Version 12.00
# Visual Studio 15
VisualStudioVersion = 15.0.28307.421
MinimumVisualStudioVersion = 10.0.40219.1
Project("{8BC9CEB8-8B4A-11D0-8D11-00A0C91BC942}") = "AllDays", "AllDays\AllDays.vcxproj", "{0334C79A-FC4C-41E2-B5B6-69B709B18B8D}"
EndProject
Project("{8BC9CEB8-8B4A-11D0-8D11-00A0C91BC942}") = "Day_18_FromNet", "Day_18_FromNet\Day_18_FromNet.vcxproj", "{9956795B-C598-4435-94AD-E2FB2CF4ACC9}"
EndProject
Global
	GlobalSection(SolutionConfigurationPlatforms) = preSolution
		Debug|x64 = Debug|x64
		Debug|x86 = Debug|x86
		Release|x64 = Release|x64
		Release|x86 = Release|x86
	EndGlobalSection
	GlobalSection(ProjectConfigurationPlatforms) = postSolution
		{0334C79A-FC4C-41E2-B5B6-69B709B18B8D}.Debug|x64.ActiveCfg = Debug|x64
		{0334C79A-FC4C-41E2-B5B6-69B709B18B8D}.Debug|x64.Build.0 = Debug|x64
		{0334C79A-FC4C-41E2-B5B6-69B709B18B8D}.Debug|x86.ActiveCfg = Debug|Win32
		{0334C79A-FC4C-41E2-B5B6-69B709B18B8D}.Debug|x86.Build.0 = Debug|Win32
		{0334C79A-FC4C-41E2-B5B6-69B709B18B8D}.Release|x64.ActiveCfg = Release|x64
		{0334C79A-FC4C-41E2-B5B6-69B709B18B8D}.Release|x64.Build.0 = Release|x64
		{0334C79A-FC4C-41E2-B5B6-69B709B18B8D}.Release|x86.ActiveCfg = Release|Win32
		{0334C79A-FC4C-41E2-B5B6-69B709B18B8D}.Release|x86.Build.0 = Release|Win32
		{9956795B-C598-4435-94AD-E2FB2CF4ACC9}.Debug|x64.ActiveCfg = Debug|x64
		{9956795B-C598-4435-94AD-E2FB2CF4ACC9}.Debug|x64.Build.0 = Debug|x64
		{9956795B-C598-4435-94AD-E2FB2CF4ACC9}.Debug|x86.ActiveCfg = Debug|Win32
		{9956795B-C598-4435-94AD-E2FB2CF4ACC9}.Debug|x86.Build.0 = Debug|Win32
		{9956795B-C598-4435-94AD-E2FB2CF4ACC9}.Release|x64.ActiveCfg = Release|x64
		{9956795B-C598-4435-94AD-E2FB2CF4ACC9}.Release|x64.Build.0 = Release|x64
		{9956795B-C598-4435-94AD-E2FB2CF4ACC9}.Release|x86.ActiveCfg = Release|Win32
		{9956795B-C598-4435-94AD-E2FB2CF4ACC9}.Release|x86.Build.0 = Release|Win32
	EndGlobalSection
	GlobalSection(SolutionProperties) = preSolution
		HideSolutionNode = FALSE
	EndGlobalSection
	GlobalSection(ExtensibilityGlobals) = postSolution
		SolutionGuid = {6F9FBCFC-D5D8-4486-B154-2DD27F80F7F1}
	EndGlobalSection
EndGlobal
